
Microsoft Visual Studio Solution File, Format Version 12.00
# Visual Studio Version 17
VisualStudioVersion = 17.13.35931.197 d17.13
MinimumVisualStudioVersion = 10.0.40219.1
Project("{8BC9CEB8-8B4A-11D0-8D11-00A0C91BC942}") = "Reborn", "Reborn.vcxproj", "{1CDF03DF-2D18-4265-8C05-82FA8985845E}"
EndProject
Global
	GlobalSection(SolutionConfigurationPlatforms) = preSolution
		Debug|x64 = Debug|x64
		Debug|x86 = Debug|x86
		Release|x64 = Release|x64
		Release|x86 = Release|x86
	EndGlobalSection
	GlobalSection(ProjectConfigurationPlatforms) = postSolution
		{1CDF03DF-2D18-4265-8C05-82FA8985845E}.Debug|x64.ActiveCfg = Debug|x64
		{1CDF03DF-2D18-4265-8C05-82FA8985845E}.Debug|x64.Build.0 = Debug|x64
		{1CDF03DF-2D18-4265-8C05-82FA8985845E}.Debug|x86.ActiveCfg = Debug|Win32
		{1CDF03DF-2D18-4265-8C05-82FA8985845E}.Debug|x86.Build.0 = Debug|Win32
		{1CDF03DF-2D18-4265-8C05-82FA8985845E}.Release|x64.ActiveCfg = Release|x64
		{1CDF03DF-2D18-4265-8C05-82FA8985845E}.Release|x64.Build.0 = Release|x64
		{1CDF03DF-2D18-4265-8C05-82FA8985845E}.Release|x86.ActiveCfg = Release|Win32
		{1CDF03DF-2D18-4265-8C05-82FA8985845E}.Release|x86.Build.0 = Release|Win32
	EndGlobalSection
	GlobalSection(SolutionProperties) = preSolution
		HideSolutionNode = FALSE
	EndGlobalSection
	GlobalSection(ExtensibilityGlobals) = postSolution
		SolutionGuid = {A05FA0E3-9672-4999-B6E4-DF4674B13632}
	EndGlobalSection
EndGlobal
